// !$*UTF8*$!
{
	archiveVersion = 1;
	classes = {
	};
	objectVersion = 50;
	objects = {

/* Begin PBXBuildFile section */
		C892400422C47D9100703D90 /* AppDelegate.swift in Sources */ = {isa = PBXBuildFile; fileRef = C892400322C47D9100703D90 /* AppDelegate.swift */; };
		C892400622C47D9100703D90 /* ViewController.swift in Sources */ = {isa = PBXBuildFile; fileRef = C892400522C47D9100703D90 /* ViewController.swift */; };
		C892400922C47D9100703D90 /* Main.storyboard in Resources */ = {isa = PBXBuildFile; fileRef = C892400722C47D9100703D90 /* Main.storyboard */; };
		C892400B22C47D9300703D90 /* Assets.xcassets in Resources */ = {isa = PBXBuildFile; fileRef = C892400A22C47D9300703D90 /* Assets.xcassets */; };
		C892400E22C47D9300703D90 /* LaunchScreen.storyboard in Resources */ = {isa = PBXBuildFile; fileRef = C892400C22C47D9300703D90 /* LaunchScreen.storyboard */; };
		C8E049E422C4863600603E25 /* SMART.framework in Frameworks */ = {isa = PBXBuildFile; fileRef = C8E049E322C4863600603E25 /* SMART.framework */; };
		C9FACA308B01584BF78F2AC0 /* Pods_SmartTestApp.framework in Frameworks */ = {isa = PBXBuildFile; fileRef = F4DF289576BA83FDA6094235 /* Pods_SmartTestApp.framework */; };
/* End PBXBuildFile section */

/* Begin PBXFileReference section */
		B06BF03C2E8ABA8E498D28C8 /* Pods-SmartTestApp.debug.xcconfig */ = {isa = PBXFileReference; includeInIndex = 1; lastKnownFileType = text.xcconfig; name = "Pods-SmartTestApp.debug.xcconfig"; path = "Pods/Target Support Files/Pods-SmartTestApp/Pods-SmartTestApp.debug.xcconfig"; sourceTree = "<group>"; };
		B939F6C9E6C226F2869D93DB /* Pods-SmartTestApp.release.xcconfig */ = {isa = PBXFileReference; includeInIndex = 1; lastKnownFileType = text.xcconfig; name = "Pods-SmartTestApp.release.xcconfig"; path = "Pods/Target Support Files/Pods-SmartTestApp/Pods-SmartTestApp.release.xcconfig"; sourceTree = "<group>"; };
		C892400022C47D9100703D90 /* SmartTestApp.app */ = {isa = PBXFileReference; explicitFileType = wrapper.application; includeInIndex = 0; path = SmartTestApp.app; sourceTree = BUILT_PRODUCTS_DIR; };
		C892400322C47D9100703D90 /* AppDelegate.swift */ = {isa = PBXFileReference; lastKnownFileType = sourcecode.swift; path = AppDelegate.swift; sourceTree = "<group>"; };
		C892400522C47D9100703D90 /* ViewController.swift */ = {isa = PBXFileReference; lastKnownFileType = sourcecode.swift; path = ViewController.swift; sourceTree = "<group>"; };
		C892400822C47D9100703D90 /* Base */ = {isa = PBXFileReference; lastKnownFileType = file.storyboard; name = Base; path = Base.lproj/Main.storyboard; sourceTree = "<group>"; };
		C892400A22C47D9300703D90 /* Assets.xcassets */ = {isa = PBXFileReference; lastKnownFileType = folder.assetcatalog; path = Assets.xcassets; sourceTree = "<group>"; };
		C892400D22C47D9300703D90 /* Base */ = {isa = PBXFileReference; lastKnownFileType = file.storyboard; name = Base; path = Base.lproj/LaunchScreen.storyboard; sourceTree = "<group>"; };
		C892400F22C47D9300703D90 /* Info.plist */ = {isa = PBXFileReference; lastKnownFileType = text.plist.xml; path = Info.plist; sourceTree = "<group>"; };
		C8E049E322C4863600603E25 /* SMART.framework */ = {isa = PBXFileReference; explicitFileType = wrapper.framework; path = SMART.framework; sourceTree = BUILT_PRODUCTS_DIR; };
		F4DF289576BA83FDA6094235 /* Pods_SmartTestApp.framework */ = {isa = PBXFileReference; explicitFileType = wrapper.framework; includeInIndex = 0; path = Pods_SmartTestApp.framework; sourceTree = BUILT_PRODUCTS_DIR; };
/* End PBXFileReference section */

/* Begin PBXFrameworksBuildPhase section */
		C8923FFD22C47D9100703D90 /* Frameworks */ = {
			isa = PBXFrameworksBuildPhase;
			buildActionMask = 2147483647;
			files = (
				C8E049E422C4863600603E25 /* SMART.framework in Frameworks */,
				C9FACA308B01584BF78F2AC0 /* Pods_SmartTestApp.framework in Frameworks */,
			);
			runOnlyForDeploymentPostprocessing = 0;
		};
/* End PBXFrameworksBuildPhase section */

/* Begin PBXGroup section */
		06F4997F5A51E4D67CCCF27B /* Pods */ = {
			isa = PBXGroup;
			children = (
				B06BF03C2E8ABA8E498D28C8 /* Pods-SmartTestApp.debug.xcconfig */,
				B939F6C9E6C226F2869D93DB /* Pods-SmartTestApp.release.xcconfig */,
			);
			name = Pods;
			sourceTree = "<group>";
		};
		C8923FF722C47D9100703D90 = {
			isa = PBXGroup;
			children = (
				C892400222C47D9100703D90 /* SmartTestApp */,
				C892400122C47D9100703D90 /* Products */,
				C892401822C47EC400703D90 /* Frameworks */,
				06F4997F5A51E4D67CCCF27B /* Pods */,
			);
			sourceTree = "<group>";
		};
		C892400122C47D9100703D90 /* Products */ = {
			isa = PBXGroup;
			children = (
				C892400022C47D9100703D90 /* SmartTestApp.app */,
			);
			name = Products;
			sourceTree = "<group>";
		};
		C892400222C47D9100703D90 /* SmartTestApp */ = {
			isa = PBXGroup;
			children = (
				C892400322C47D9100703D90 /* AppDelegate.swift */,
				C892400522C47D9100703D90 /* ViewController.swift */,
				C892400722C47D9100703D90 /* Main.storyboard */,
				C892400A22C47D9300703D90 /* Assets.xcassets */,
				C892400C22C47D9300703D90 /* LaunchScreen.storyboard */,
				C892400F22C47D9300703D90 /* Info.plist */,
			);
			path = SmartTestApp;
			sourceTree = "<group>";
		};
		C892401822C47EC400703D90 /* Frameworks */ = {
			isa = PBXGroup;
			children = (
				C8E049E322C4863600603E25 /* SMART.framework */,
				F4DF289576BA83FDA6094235 /* Pods_SmartTestApp.framework */,
			);
			name = Frameworks;
			sourceTree = "<group>";
		};
/* End PBXGroup section */

/* Begin PBXNativeTarget section */
		C8923FFF22C47D9100703D90 /* SmartTestApp */ = {
			isa = PBXNativeTarget;
			buildConfigurationList = C892401222C47D9300703D90 /* Build configuration list for PBXNativeTarget "SmartTestApp" */;
			buildPhases = (
				4E9707394A3B5961990D5784 /* [CP] Check Pods Manifest.lock */,
				C8923FFC22C47D9100703D90 /* Sources */,
				C8923FFD22C47D9100703D90 /* Frameworks */,
				C8923FFE22C47D9100703D90 /* Resources */,
				3BAD00F0C6483F3B84DE49E3 /* [CP] Embed Pods Frameworks */,
			);
			buildRules = (
			);
			dependencies = (
			);
			name = SmartTestApp;
			productName = SmartTestApp;
			productReference = C892400022C47D9100703D90 /* SmartTestApp.app */;
			productType = "com.apple.product-type.application";
		};
/* End PBXNativeTarget section */

/* Begin PBXProject section */
		C8923FF822C47D9100703D90 /* Project object */ = {
			isa = PBXProject;
			attributes = {
				LastSwiftUpdateCheck = 1020;
				LastUpgradeCheck = 1020;
				ORGANIZATIONNAME = "Robert Brais";
				TargetAttributes = {
					C8923FFF22C47D9100703D90 = {
						CreatedOnToolsVersion = 10.2.1;
					};
				};
			};
			buildConfigurationList = C8923FFB22C47D9100703D90 /* Build configuration list for PBXProject "SmartTestApp" */;
			compatibilityVersion = "Xcode 9.3";
			developmentRegion = en;
			hasScannedForEncodings = 0;
			knownRegions = (
				en,
				Base,
			);
			mainGroup = C8923FF722C47D9100703D90;
			productRefGroup = C892400122C47D9100703D90 /* Products */;
			projectDirPath = "";
			projectRoot = "";
			targets = (
				C8923FFF22C47D9100703D90 /* SmartTestApp */,
			);
		};
/* End PBXProject section */

/* Begin PBXResourcesBuildPhase section */
		C8923FFE22C47D9100703D90 /* Resources */ = {
			isa = PBXResourcesBuildPhase;
			buildActionMask = 2147483647;
			files = (
				C892400E22C47D9300703D90 /* LaunchScreen.storyboard in Resources */,
				C892400B22C47D9300703D90 /* Assets.xcassets in Resources */,
				C892400922C47D9100703D90 /* Main.storyboard in Resources */,
			);
			runOnlyForDeploymentPostprocessing = 0;
		};
/* End PBXResourcesBuildPhase section */

/* Begin PBXShellScriptBuildPhase section */
		3BAD00F0C6483F3B84DE49E3 /* [CP] Embed Pods Frameworks */ = {
			isa = PBXShellScriptBuildPhase;
			buildActionMask = 2147483647;
			files = (
			);
			inputFileListPaths = (
			);
			inputPaths = (
				"${SRCROOT}/Pods/Target Support Files/Pods-SmartTestApp/Pods-SmartTestApp-frameworks.sh",
				"${BUILT_PRODUCTS_DIR}/SMART/SMART.framework",
			);
			name = "[CP] Embed Pods Frameworks";
			outputFileListPaths = (
			);
			outputPaths = (
				"${TARGET_BUILD_DIR}/${FRAMEWORKS_FOLDER_PATH}/SMART.framework",
			);
			runOnlyForDeploymentPostprocessing = 0;
			shellPath = /bin/sh;
			shellScript = "\"${SRCROOT}/Pods/Target Support Files/Pods-SmartTestApp/Pods-SmartTestApp-frameworks.sh\"\n";
			showEnvVarsInLog = 0;
		};
		4E9707394A3B5961990D5784 /* [CP] Check Pods Manifest.lock */ = {
			isa = PBXShellScriptBuildPhase;
			buildActionMask = 2147483647;
			files = (
			);
			inputFileListPaths = (
			);
			inputPaths = (
				"${PODS_PODFILE_DIR_PATH}/Podfile.lock",
				"${PODS_ROOT}/Manifest.lock",
			);
			name = "[CP] Check Pods Manifest.lock";
			outputFileListPaths = (
			);
			outputPaths = (
				"$(DERIVED_FILE_DIR)/Pods-SmartTestApp-checkManifestLockResult.txt",
			);
			runOnlyForDeploymentPostprocessing = 0;
			shellPath = /bin/sh;
			shellScript = "diff \"${PODS_PODFILE_DIR_PATH}/Podfile.lock\" \"${PODS_ROOT}/Manifest.lock\" > /dev/null\nif [ $? != 0 ] ; then\n    # print error to STDERR\n    echo \"error: The sandbox is not in sync with the Podfile.lock. Run 'pod install' or update your CocoaPods installation.\" >&2\n    exit 1\nfi\n# This output is used by Xcode 'outputs' to avoid re-running this script phase.\necho \"SUCCESS\" > \"${SCRIPT_OUTPUT_FILE_0}\"\n";
			showEnvVarsInLog = 0;
		};
/* End PBXShellScriptBuildPhase section */

/* Begin PBXSourcesBuildPhase section */
		C8923FFC22C47D9100703D90 /* Sources */ = {
			isa = PBXSourcesBuildPhase;
			buildActionMask = 2147483647;
			files = (
				C892400622C47D9100703D90 /* ViewController.swift in Sources */,
				C892400422C47D9100703D90 /* AppDelegate.swift in Sources */,
			);
			runOnlyForDeploymentPostprocessing = 0;
		};
/* End PBXSourcesBuildPhase section */

/* Begin PBXVariantGroup section */
		C892400722C47D9100703D90 /* Main.storyboard */ = {
			isa = PBXVariantGroup;
			children = (
				C892400822C47D9100703D90 /* Base */,
			);
			name = Main.storyboard;
			sourceTree = "<group>";
		};
		C892400C22C47D9300703D90 /* LaunchScreen.storyboard */ = {
			isa = PBXVariantGroup;
			children = (
				C892400D22C47D9300703D90 /* Base */,
			);
			name = LaunchScreen.storyboard;
			sourceTree = "<group>";
		};
/* End PBXVariantGroup section */

/* Begin XCBuildConfiguration section */
		C892401022C47D9300703D90 /* Debug */ = {
			isa = XCBuildConfiguration;
			buildSettings = {
				ALWAYS_SEARCH_USER_PATHS = NO;
				CLANG_ANALYZER_NONNULL = YES;
				CLANG_ANALYZER_NUMBER_OBJECT_CONVERSION = YES_AGGRESSIVE;
				CLANG_CXX_LANGUAGE_STANDARD = "gnu++14";
				CLANG_CXX_LIBRARY = "libc++";
				CLANG_ENABLE_MODULES = YES;
				CLANG_ENABLE_OBJC_ARC = YES;
				CLANG_ENABLE_OBJC_WEAK = YES;
				CLANG_WARN_BLOCK_CAPTURE_AUTORELEASING = YES;
				CLANG_WARN_BOOL_CONVERSION = YES;
				CLANG_WARN_COMMA = YES;
				CLANG_WARN_CONSTANT_CONVERSION = YES;
				CLANG_WARN_DEPRECATED_OBJC_IMPLEMENTATIONS = YES;
				CLANG_WARN_DIRECT_OBJC_ISA_USAGE = YES_ERROR;
				CLANG_WARN_DOCUMENTATION_COMMENTS = YES;
				CLANG_WARN_EMPTY_BODY = YES;
				CLANG_WARN_ENUM_CONVERSION = YES;
				CLANG_WARN_INFINITE_RECURSION = YES;
				CLANG_WARN_INT_CONVERSION = YES;
				CLANG_WARN_NON_LITERAL_NULL_CONVERSION = YES;
				CLANG_WARN_OBJC_IMPLICIT_RETAIN_SELF = YES;
				CLANG_WARN_OBJC_LITERAL_CONVERSION = YES;
				CLANG_WARN_OBJC_ROOT_CLASS = YES_ERROR;
				CLANG_WARN_RANGE_LOOP_ANALYSIS = YES;
				CLANG_WARN_STRICT_PROTOTYPES = YES;
				CLANG_WARN_SUSPICIOUS_MOVE = YES;
				CLANG_WARN_UNGUARDED_AVAILABILITY = YES_AGGRESSIVE;
				CLANG_WARN_UNREACHABLE_CODE = YES;
				CLANG_WARN__DUPLICATE_METHOD_MATCH = YES;
				CODE_SIGN_IDENTITY = "iPhone Developer";
				COPY_PHASE_STRIP = NO;
				DEBUG_INFORMATION_FORMAT = dwarf;
				ENABLE_STRICT_OBJC_MSGSEND = YES;
				ENABLE_TESTABILITY = YES;
				GCC_C_LANGUAGE_STANDARD = gnu11;
				GCC_DYNAMIC_NO_PIC = NO;
				GCC_NO_COMMON_BLOCKS = YES;
				GCC_OPTIMIZATION_LEVEL = 0;
				GCC_PREPROCESSOR_DEFINITIONS = (
					"DEBUG=1",
					"$(inherited)",
				);
				GCC_WARN_64_TO_32_BIT_CONVERSION = YES;
				GCC_WARN_ABOUT_RETURN_TYPE = YES_ERROR;
				GCC_WARN_UNDECLARED_SELECTOR = YES;
				GCC_WARN_UNINITIALIZED_AUTOS = YES_AGGRESSIVE;
				GCC_WARN_UNUSED_FUNCTION = YES;
				GCC_WARN_UNUSED_VARIABLE = YES;
				IPHONEOS_DEPLOYMENT_TARGET = 12.2;
				MTL_ENABLE_DEBUG_INFO = INCLUDE_SOURCE;
				MTL_FAST_MATH = YES;
				ONLY_ACTIVE_ARCH = YES;
				SDKROOT = iphoneos;
				SWIFT_ACTIVE_COMPILATION_CONDITIONS = DEBUG;
				SWIFT_OPTIMIZATION_LEVEL = "-Onone";
			};
			name = Debug;
		};
		C892401122C47D9300703D90 /* Release */ = {
			isa = XCBuildConfiguration;
			buildSettings = {
				ALWAYS_SEARCH_USER_PATHS = NO;
				CLANG_ANALYZER_NONNULL = YES;
				CLANG_ANALYZER_NUMBER_OBJECT_CONVERSION = YES_AGGRESSIVE;
				CLANG_CXX_LANGUAGE_STANDARD = "gnu++14";
				CLANG_CXX_LIBRARY = "libc++";
				CLANG_ENABLE_MODULES = YES;
				CLANG_ENABLE_OBJC_ARC = YES;
				CLANG_ENABLE_OBJC_WEAK = YES;
				CLANG_WARN_BLOCK_CAPTURE_AUTORELEASING = YES;
				CLANG_WARN_BOOL_CONVERSION = YES;
				CLANG_WARN_COMMA = YES;
				CLANG_WARN_CONSTANT_CONVERSION = YES;
				CLANG_WARN_DEPRECATED_OBJC_IMPLEMENTATIONS = YES;
				CLANG_WARN_DIRECT_OBJC_ISA_USAGE = YES_ERROR;
				CLANG_WARN_DOCUMENTATION_COMMENTS = YES;
				CLANG_WARN_EMPTY_BODY = YES;
				CLANG_WARN_ENUM_CONVERSION = YES;
				CLANG_WARN_INFINITE_RECURSION = YES;
				CLANG_WARN_INT_CONVERSION = YES;
				CLANG_WARN_NON_LITERAL_NULL_CONVERSION = YES;
				CLANG_WARN_OBJC_IMPLICIT_RETAIN_SELF = YES;
				CLANG_WARN_OBJC_LITERAL_CONVERSION = YES;
				CLANG_WARN_OBJC_ROOT_CLASS = YES_ERROR;
				CLANG_WARN_RANGE_LOOP_ANALYSIS = YES;
				CLANG_WARN_STRICT_PROTOTYPES = YES;
				CLANG_WARN_SUSPICIOUS_MOVE = YES;
				CLANG_WARN_UNGUARDED_AVAILABILITY = YES_AGGRESSIVE;
				CLANG_WARN_UNREACHABLE_CODE = YES;
				CLANG_WARN__DUPLICATE_METHOD_MATCH = YES;
				CODE_SIGN_IDENTITY = "iPhone Developer";
				COPY_PHASE_STRIP = NO;
				DEBUG_INFORMATION_FORMAT = "dwarf-with-dsym";
				ENABLE_NS_ASSERTIONS = NO;
				ENABLE_STRICT_OBJC_MSGSEND = YES;
				GCC_C_LANGUAGE_STANDARD = gnu11;
				GCC_NO_COMMON_BLOCKS = YES;
				GCC_WARN_64_TO_32_BIT_CONVERSION = YES;
				GCC_WARN_ABOUT_RETURN_TYPE = YES_ERROR;
				GCC_WARN_UNDECLARED_SELECTOR = YES;
				GCC_WARN_UNINITIALIZED_AUTOS = YES_AGGRESSIVE;
				GCC_WARN_UNUSED_FUNCTION = YES;
				GCC_WARN_UNUSED_VARIABLE = YES;
				IPHONEOS_DEPLOYMENT_TARGET = 12.2;
				MTL_ENABLE_DEBUG_INFO = NO;
				MTL_FAST_MATH = YES;
				SDKROOT = iphoneos;
				SWIFT_COMPILATION_MODE = wholemodule;
				SWIFT_OPTIMIZATION_LEVEL = "-O";
				VALIDATE_PRODUCT = YES;
			};
			name = Release;
		};
		C892401322C47D9300703D90 /* Debug */ = {
			isa = XCBuildConfiguration;
			baseConfigurationReference = B06BF03C2E8ABA8E498D28C8 /* Pods-SmartTestApp.debug.xcconfig */;
			buildSettings = {
				ASSETCATALOG_COMPILER_APPICON_NAME = AppIcon;
				CODE_SIGN_STYLE = Automatic;
				INFOPLIST_FILE = SmartTestApp/Info.plist;
				LD_RUNPATH_SEARCH_PATHS = (
					"$(inherited)",
					"@executable_path/Frameworks",
				);
				PRODUCT_BUNDLE_IDENTIFIER = "Robert-Brais.SmartTestApp";
				PRODUCT_NAME = "$(TARGET_NAME)";
				SWIFT_VERSION = 4.2;
				TARGETED_DEVICE_FAMILY = "1,2";
			};
			name = Debug;
		};
		C892401422C47D9300703D90 /* Release */ = {
			isa = XCBuildConfiguration;
			baseConfigurationReference = B939F6C9E6C226F2869D93DB /* Pods-SmartTestApp.release.xcconfig */;
			buildSettings = {
				ASSETCATALOG_COMPILER_APPICON_NAME = AppIcon;
				CODE_SIGN_STYLE = Automatic;
				INFOPLIST_FILE = SmartTestApp/Info.plist;
				LD_RUNPATH_SEARCH_PATHS = (
					"$(inherited)",
					"@executable_path/Frameworks",
				);
				PRODUCT_BUNDLE_IDENTIFIER = "Robert-Brais.SmartTestApp";
				PRODUCT_NAME = "$(TARGET_NAME)";
				SWIFT_VERSION = 4.2;
				TARGETED_DEVICE_FAMILY = "1,2";
			};
			name = Release;
		};
/* End XCBuildConfiguration section */

/* Begin XCConfigurationList section */
		C8923FFB22C47D9100703D90 /* Build configuration list for PBXProject "SmartTestApp" */ = {
			isa = XCConfigurationList;
			buildConfigurations = (
				C892401022C47D9300703D90 /* Debug */,
				C892401122C47D9300703D90 /* Release */,
			);
			defaultConfigurationIsVisible = 0;
			defaultConfigurationName = Release;
		};
		C892401222C47D9300703D90 /* Build configuration list for PBXNativeTarget "SmartTestApp" */ = {
			isa = XCConfigurationList;
			buildConfigurations = (
				C892401322C47D9300703D90 /* Debug */,
				C892401422C47D9300703D90 /* Release */,
			);
			defaultConfigurationIsVisible = 0;
			defaultConfigurationName = Release;
		};
/* End XCConfigurationList section */
	};
	rootObject = C8923FF822C47D9100703D90 /* Project object */;
}
