// !$*UTF8*$!
{
	archiveVersion = 1;
	classes = {
	};
	objectVersion = 50;
	objects = {

/* Begin PBXBuildFile section */
		C83C87A122DECAA300B2EEFE /* AppDelegate.swift in Sources */ = {isa = PBXBuildFile; fileRef = C83C87A022DECAA300B2EEFE /* AppDelegate.swift */; };
		C83C87A322DECAA300B2EEFE /* ViewController.swift in Sources */ = {isa = PBXBuildFile; fileRef = C83C87A222DECAA300B2EEFE /* ViewController.swift */; };
		C83C87A622DECAA300B2EEFE /* Main.storyboard in Resources */ = {isa = PBXBuildFile; fileRef = C83C87A422DECAA300B2EEFE /* Main.storyboard */; };
		C83C87A822DECAA700B2EEFE /* Assets.xcassets in Resources */ = {isa = PBXBuildFile; fileRef = C83C87A722DECAA700B2EEFE /* Assets.xcassets */; };
		C83C87AB22DECAA700B2EEFE /* LaunchScreen.storyboard in Resources */ = {isa = PBXBuildFile; fileRef = C83C87A922DECAA700B2EEFE /* LaunchScreen.storyboard */; };
		C83C87BE22DECFAC00B2EEFE /* Patient.json in Resources */ = {isa = PBXBuildFile; fileRef = C83C87BD22DECFAC00B2EEFE /* Patient.json */; };
/* End PBXBuildFile section */

/* Begin PBXContainerItemProxy section */
		C83C87C922DED10900B2EEFE /* PBXContainerItemProxy */ = {
			isa = PBXContainerItemProxy;
			containerPortal = C83C87C222DED10900B2EEFE /* SwiftSMART.xcodeproj */;
			proxyType = 2;
			remoteGlobalIDString = EE43B1A919546D880017679A;
			remoteInfo = "SwiftSMART-iOS";
		};
		C83C87CB22DED10900B2EEFE /* PBXContainerItemProxy */ = {
			isa = PBXContainerItemProxy;
			containerPortal = C83C87C222DED10900B2EEFE /* SwiftSMART.xcodeproj */;
			proxyType = 2;
			remoteGlobalIDString = EE43B1B319546D880017679A;
			remoteInfo = "SwiftSMART-iOSTests";
		};
		C83C87CD22DED10900B2EEFE /* PBXContainerItemProxy */ = {
			isa = PBXContainerItemProxy;
			containerPortal = C83C87C222DED10900B2EEFE /* SwiftSMART.xcodeproj */;
			proxyType = 2;
			remoteGlobalIDString = EECAA7831A5D3DE60062C64B;
			remoteInfo = "SwiftSMART-macOS";
		};
		C83C87CF22DED10900B2EEFE /* PBXContainerItemProxy */ = {
			isa = PBXContainerItemProxy;
			containerPortal = C83C87C222DED10900B2EEFE /* SwiftSMART.xcodeproj */;
			proxyType = 2;
			remoteGlobalIDString = EE13AA921A5D44D100B901FD;
			remoteInfo = "SwiftSMART-macOSTests";
		};
/* End PBXContainerItemProxy section */

/* Begin PBXFileReference section */
		C83C879D22DECAA300B2EEFE /* SmartTestApp.app */ = {isa = PBXFileReference; explicitFileType = wrapper.application; includeInIndex = 0; path = SmartTestApp.app; sourceTree = BUILT_PRODUCTS_DIR; };
		C83C87A022DECAA300B2EEFE /* AppDelegate.swift */ = {isa = PBXFileReference; lastKnownFileType = sourcecode.swift; path = AppDelegate.swift; sourceTree = "<group>"; };
		C83C87A222DECAA300B2EEFE /* ViewController.swift */ = {isa = PBXFileReference; lastKnownFileType = sourcecode.swift; path = ViewController.swift; sourceTree = "<group>"; };
		C83C87A522DECAA300B2EEFE /* Base */ = {isa = PBXFileReference; lastKnownFileType = file.storyboard; name = Base; path = Base.lproj/Main.storyboard; sourceTree = "<group>"; };
		C83C87A722DECAA700B2EEFE /* Assets.xcassets */ = {isa = PBXFileReference; lastKnownFileType = folder.assetcatalog; path = Assets.xcassets; sourceTree = "<group>"; };
		C83C87AA22DECAA700B2EEFE /* Base */ = {isa = PBXFileReference; lastKnownFileType = file.storyboard; name = Base; path = Base.lproj/LaunchScreen.storyboard; sourceTree = "<group>"; };
		C83C87AC22DECAA700B2EEFE /* Info.plist */ = {isa = PBXFileReference; lastKnownFileType = text.plist.xml; path = Info.plist; sourceTree = "<group>"; };
		C83C87BB22DECC7900B2EEFE /* SMART.framework */ = {isa = PBXFileReference; explicitFileType = wrapper.framework; path = SMART.framework; sourceTree = BUILT_PRODUCTS_DIR; };
		C83C87BD22DECFAC00B2EEFE /* Patient.json */ = {isa = PBXFileReference; lastKnownFileType = text.json; name = Patient.json; path = SmartTestApp/Patient.json; sourceTree = "<group>"; };
		C83C87C222DED10900B2EEFE /* SwiftSMART.xcodeproj */ = {isa = PBXFileReference; lastKnownFileType = "wrapper.pb-project"; name = SwiftSMART.xcodeproj; path = "Swift-SMART/SwiftSMART.xcodeproj"; sourceTree = "<group>"; };
/* End PBXFileReference section */

/* Begin PBXFrameworksBuildPhase section */
		C83C879A22DECAA300B2EEFE /* Frameworks */ = {
			isa = PBXFrameworksBuildPhase;
			buildActionMask = 2147483647;
			files = (
			);
			runOnlyForDeploymentPostprocessing = 0;
		};
/* End PBXFrameworksBuildPhase section */

/* Begin PBXGroup section */
		C83C879422DECAA300B2EEFE = {
			isa = PBXGroup;
			children = (
				C83C87C222DED10900B2EEFE /* SwiftSMART.xcodeproj */,
				C83C87BD22DECFAC00B2EEFE /* Patient.json */,
				C83C879F22DECAA300B2EEFE /* SmartTestApp */,
				C83C879E22DECAA300B2EEFE /* Products */,
				C83C87B622DECBF500B2EEFE /* Frameworks */,
			);
			sourceTree = "<group>";
		};
		C83C879E22DECAA300B2EEFE /* Products */ = {
			isa = PBXGroup;
			children = (
				C83C879D22DECAA300B2EEFE /* SmartTestApp.app */,
			);
			name = Products;
			sourceTree = "<group>";
		};
		C83C879F22DECAA300B2EEFE /* SmartTestApp */ = {
			isa = PBXGroup;
			children = (
				C83C87A022DECAA300B2EEFE /* AppDelegate.swift */,
				C83C87A222DECAA300B2EEFE /* ViewController.swift */,
				C83C87A422DECAA300B2EEFE /* Main.storyboard */,
				C83C87A722DECAA700B2EEFE /* Assets.xcassets */,
				C83C87A922DECAA700B2EEFE /* LaunchScreen.storyboard */,
				C83C87AC22DECAA700B2EEFE /* Info.plist */,
			);
			path = SmartTestApp;
			sourceTree = "<group>";
		};
		C83C87B622DECBF500B2EEFE /* Frameworks */ = {
			isa = PBXGroup;
			children = (
				C83C87BB22DECC7900B2EEFE /* SMART.framework */,
			);
			name = Frameworks;
			sourceTree = "<group>";
		};
		C83C87C322DED10900B2EEFE /* Products */ = {
			isa = PBXGroup;
			children = (
				C83C87CA22DED10900B2EEFE /* SMART.framework */,
				C83C87CC22DED10900B2EEFE /* SwiftSMART-iOSTests.xctest */,
				C83C87CE22DED10900B2EEFE /* SMART.framework */,
				C83C87D022DED10900B2EEFE /* SwiftSMART-macOSTests.xctest */,
			);
			name = Products;
			sourceTree = "<group>";
		};
/* End PBXGroup section */

/* Begin PBXNativeTarget section */
		C83C879C22DECAA300B2EEFE /* SmartTestApp */ = {
			isa = PBXNativeTarget;
			buildConfigurationList = C83C87AF22DECAA700B2EEFE /* Build configuration list for PBXNativeTarget "SmartTestApp" */;
			buildPhases = (
				C83C879922DECAA300B2EEFE /* Sources */,
				C83C879A22DECAA300B2EEFE /* Frameworks */,
				C83C879B22DECAA300B2EEFE /* Resources */,
			);
			buildRules = (
			);
			dependencies = (
			);
			name = SmartTestApp;
			productName = SmartTestApp;
			productReference = C83C879D22DECAA300B2EEFE /* SmartTestApp.app */;
			productType = "com.apple.product-type.application";
		};
/* End PBXNativeTarget section */

/* Begin PBXProject section */
		C83C879522DECAA300B2EEFE /* Project object */ = {
			isa = PBXProject;
			attributes = {
				LastSwiftUpdateCheck = 1020;
				LastUpgradeCheck = 1020;
				ORGANIZATIONNAME = "Robert Brais";
				TargetAttributes = {
					C83C879C22DECAA300B2EEFE = {
						CreatedOnToolsVersion = 10.2.1;
					};
				};
			};
			buildConfigurationList = C83C879822DECAA300B2EEFE /* Build configuration list for PBXProject "SmartTestApp" */;
			compatibilityVersion = "Xcode 9.3";
			developmentRegion = en;
			hasScannedForEncodings = 0;
			knownRegions = (
				en,
				Base,
			);
			mainGroup = C83C879422DECAA300B2EEFE;
			productRefGroup = C83C879E22DECAA300B2EEFE /* Products */;
			projectDirPath = "";
			projectReferences = (
				{
					ProductGroup = C83C87C322DED10900B2EEFE /* Products */;
					ProjectRef = C83C87C222DED10900B2EEFE /* SwiftSMART.xcodeproj */;
				},
			);
			projectRoot = "";
			targets = (
				C83C879C22DECAA300B2EEFE /* SmartTestApp */,
			);
		};
/* End PBXProject section */

/* Begin PBXReferenceProxy section */
		C83C87CA22DED10900B2EEFE /* SMART.framework */ = {
			isa = PBXReferenceProxy;
			fileType = wrapper.framework;
			path = SMART.framework;
			remoteRef = C83C87C922DED10900B2EEFE /* PBXContainerItemProxy */;
			sourceTree = BUILT_PRODUCTS_DIR;
		};
		C83C87CC22DED10900B2EEFE /* SwiftSMART-iOSTests.xctest */ = {
			isa = PBXReferenceProxy;
			fileType = wrapper.cfbundle;
			path = "SwiftSMART-iOSTests.xctest";
			remoteRef = C83C87CB22DED10900B2EEFE /* PBXContainerItemProxy */;
			sourceTree = BUILT_PRODUCTS_DIR;
		};
		C83C87CE22DED10900B2EEFE /* SMART.framework */ = {
			isa = PBXReferenceProxy;
			fileType = wrapper.framework;
			path = SMART.framework;
			remoteRef = C83C87CD22DED10900B2EEFE /* PBXContainerItemProxy */;
			sourceTree = BUILT_PRODUCTS_DIR;
		};
		C83C87D022DED10900B2EEFE /* SwiftSMART-macOSTests.xctest */ = {
			isa = PBXReferenceProxy;
			fileType = wrapper.cfbundle;
			path = "SwiftSMART-macOSTests.xctest";
			remoteRef = C83C87CF22DED10900B2EEFE /* PBXContainerItemProxy */;
			sourceTree = BUILT_PRODUCTS_DIR;
		};
/* End PBXReferenceProxy section */

/* Begin PBXResourcesBuildPhase section */
		C83C879B22DECAA300B2EEFE /* Resources */ = {
			isa = PBXResourcesBuildPhase;
			buildActionMask = 2147483647;
			files = (
				C83C87BE22DECFAC00B2EEFE /* Patient.json in Resources */,
				C83C87AB22DECAA700B2EEFE /* LaunchScreen.storyboard in Resources */,
				C83C87A822DECAA700B2EEFE /* Assets.xcassets in Resources */,
				C83C87A622DECAA300B2EEFE /* Main.storyboard in Resources */,
			);
			runOnlyForDeploymentPostprocessing = 0;
		};
/* End PBXResourcesBuildPhase section */

/* Begin PBXSourcesBuildPhase section */
		C83C879922DECAA300B2EEFE /* Sources */ = {
			isa = PBXSourcesBuildPhase;
			buildActionMask = 2147483647;
			files = (
				C83C87A322DECAA300B2EEFE /* ViewController.swift in Sources */,
				C83C87A122DECAA300B2EEFE /* AppDelegate.swift in Sources */,
			);
			runOnlyForDeploymentPostprocessing = 0;
		};
/* End PBXSourcesBuildPhase section */

/* Begin PBXVariantGroup section */
		C83C87A422DECAA300B2EEFE /* Main.storyboard */ = {
			isa = PBXVariantGroup;
			children = (
				C83C87A522DECAA300B2EEFE /* Base */,
			);
			name = Main.storyboard;
			sourceTree = "<group>";
		};
		C83C87A922DECAA700B2EEFE /* LaunchScreen.storyboard */ = {
			isa = PBXVariantGroup;
			children = (
				C83C87AA22DECAA700B2EEFE /* Base */,
			);
			name = LaunchScreen.storyboard;
			sourceTree = "<group>";
		};
/* End PBXVariantGroup section */

/* Begin XCBuildConfiguration section */
		C83C87AD22DECAA700B2EEFE /* Debug */ = {
			isa = XCBuildConfiguration;
			buildSettings = {
				ALWAYS_SEARCH_USER_PATHS = NO;
				CLANG_ANALYZER_NONNULL = YES;
				CLANG_ANALYZER_NUMBER_OBJECT_CONVERSION = YES_AGGRESSIVE;
				CLANG_CXX_LANGUAGE_STANDARD = "gnu++14";
				CLANG_CXX_LIBRARY = "libc++";
				CLANG_ENABLE_MODULES = YES;
				CLANG_ENABLE_OBJC_ARC = YES;
				CLANG_ENABLE_OBJC_WEAK = YES;
				CLANG_WARN_BLOCK_CAPTURE_AUTORELEASING = YES;
				CLANG_WARN_BOOL_CONVERSION = YES;
				CLANG_WARN_COMMA = YES;
				CLANG_WARN_CONSTANT_CONVERSION = YES;
				CLANG_WARN_DEPRECATED_OBJC_IMPLEMENTATIONS = YES;
				CLANG_WARN_DIRECT_OBJC_ISA_USAGE = YES_ERROR;
				CLANG_WARN_DOCUMENTATION_COMMENTS = YES;
				CLANG_WARN_EMPTY_BODY = YES;
				CLANG_WARN_ENUM_CONVERSION = YES;
				CLANG_WARN_INFINITE_RECURSION = YES;
				CLANG_WARN_INT_CONVERSION = YES;
				CLANG_WARN_NON_LITERAL_NULL_CONVERSION = YES;
				CLANG_WARN_OBJC_IMPLICIT_RETAIN_SELF = YES;
				CLANG_WARN_OBJC_LITERAL_CONVERSION = YES;
				CLANG_WARN_OBJC_ROOT_CLASS = YES_ERROR;
				CLANG_WARN_RANGE_LOOP_ANALYSIS = YES;
				CLANG_WARN_STRICT_PROTOTYPES = YES;
				CLANG_WARN_SUSPICIOUS_MOVE = YES;
				CLANG_WARN_UNGUARDED_AVAILABILITY = YES_AGGRESSIVE;
				CLANG_WARN_UNREACHABLE_CODE = YES;
				CLANG_WARN__DUPLICATE_METHOD_MATCH = YES;
				CODE_SIGN_IDENTITY = "iPhone Developer";
				COPY_PHASE_STRIP = NO;
				DEBUG_INFORMATION_FORMAT = dwarf;
				ENABLE_STRICT_OBJC_MSGSEND = YES;
				ENABLE_TESTABILITY = YES;
				GCC_C_LANGUAGE_STANDARD = gnu11;
				GCC_DYNAMIC_NO_PIC = NO;
				GCC_NO_COMMON_BLOCKS = YES;
				GCC_OPTIMIZATION_LEVEL = 0;
				GCC_PREPROCESSOR_DEFINITIONS = (
					"DEBUG=1",
					"$(inherited)",
				);
				GCC_WARN_64_TO_32_BIT_CONVERSION = YES;
				GCC_WARN_ABOUT_RETURN_TYPE = YES_ERROR;
				GCC_WARN_UNDECLARED_SELECTOR = YES;
				GCC_WARN_UNINITIALIZED_AUTOS = YES_AGGRESSIVE;
				GCC_WARN_UNUSED_FUNCTION = YES;
				GCC_WARN_UNUSED_VARIABLE = YES;
				IPHONEOS_DEPLOYMENT_TARGET = 12.2;
				MTL_ENABLE_DEBUG_INFO = INCLUDE_SOURCE;
				MTL_FAST_MATH = YES;
				ONLY_ACTIVE_ARCH = YES;
				SDKROOT = iphoneos;
				SWIFT_ACTIVE_COMPILATION_CONDITIONS = DEBUG;
				SWIFT_OPTIMIZATION_LEVEL = "-Onone";
			};
			name = Debug;
		};
		C83C87AE22DECAA700B2EEFE /* Release */ = {
			isa = XCBuildConfiguration;
			buildSettings = {
				ALWAYS_SEARCH_USER_PATHS = NO;
				CLANG_ANALYZER_NONNULL = YES;
				CLANG_ANALYZER_NUMBER_OBJECT_CONVERSION = YES_AGGRESSIVE;
				CLANG_CXX_LANGUAGE_STANDARD = "gnu++14";
				CLANG_CXX_LIBRARY = "libc++";
				CLANG_ENABLE_MODULES = YES;
				CLANG_ENABLE_OBJC_ARC = YES;
				CLANG_ENABLE_OBJC_WEAK = YES;
				CLANG_WARN_BLOCK_CAPTURE_AUTORELEASING = YES;
				CLANG_WARN_BOOL_CONVERSION = YES;
				CLANG_WARN_COMMA = YES;
				CLANG_WARN_CONSTANT_CONVERSION = YES;
				CLANG_WARN_DEPRECATED_OBJC_IMPLEMENTATIONS = YES;
				CLANG_WARN_DIRECT_OBJC_ISA_USAGE = YES_ERROR;
				CLANG_WARN_DOCUMENTATION_COMMENTS = YES;
				CLANG_WARN_EMPTY_BODY = YES;
				CLANG_WARN_ENUM_CONVERSION = YES;
				CLANG_WARN_INFINITE_RECURSION = YES;
				CLANG_WARN_INT_CONVERSION = YES;
				CLANG_WARN_NON_LITERAL_NULL_CONVERSION = YES;
				CLANG_WARN_OBJC_IMPLICIT_RETAIN_SELF = YES;
				CLANG_WARN_OBJC_LITERAL_CONVERSION = YES;
				CLANG_WARN_OBJC_ROOT_CLASS = YES_ERROR;
				CLANG_WARN_RANGE_LOOP_ANALYSIS = YES;
				CLANG_WARN_STRICT_PROTOTYPES = YES;
				CLANG_WARN_SUSPICIOUS_MOVE = YES;
				CLANG_WARN_UNGUARDED_AVAILABILITY = YES_AGGRESSIVE;
				CLANG_WARN_UNREACHABLE_CODE = YES;
				CLANG_WARN__DUPLICATE_METHOD_MATCH = YES;
				CODE_SIGN_IDENTITY = "iPhone Developer";
				COPY_PHASE_STRIP = NO;
				DEBUG_INFORMATION_FORMAT = "dwarf-with-dsym";
				ENABLE_NS_ASSERTIONS = NO;
				ENABLE_STRICT_OBJC_MSGSEND = YES;
				GCC_C_LANGUAGE_STANDARD = gnu11;
				GCC_NO_COMMON_BLOCKS = YES;
				GCC_WARN_64_TO_32_BIT_CONVERSION = YES;
				GCC_WARN_ABOUT_RETURN_TYPE = YES_ERROR;
				GCC_WARN_UNDECLARED_SELECTOR = YES;
				GCC_WARN_UNINITIALIZED_AUTOS = YES_AGGRESSIVE;
				GCC_WARN_UNUSED_FUNCTION = YES;
				GCC_WARN_UNUSED_VARIABLE = YES;
				IPHONEOS_DEPLOYMENT_TARGET = 12.2;
				MTL_ENABLE_DEBUG_INFO = NO;
				MTL_FAST_MATH = YES;
				SDKROOT = iphoneos;
				SWIFT_COMPILATION_MODE = wholemodule;
				SWIFT_OPTIMIZATION_LEVEL = "-O";
				VALIDATE_PRODUCT = YES;
			};
			name = Release;
		};
		C83C87B022DECAA700B2EEFE /* Debug */ = {
			isa = XCBuildConfiguration;
			buildSettings = {
				ASSETCATALOG_COMPILER_APPICON_NAME = AppIcon;
				CODE_SIGN_STYLE = Automatic;
				INFOPLIST_FILE = SmartTestApp/Info.plist;
				LD_RUNPATH_SEARCH_PATHS = (
					"$(inherited)",
					"@executable_path/Frameworks",
				);
				PRODUCT_BUNDLE_IDENTIFIER = "Robert-Brais.SmartTestApp";
				PRODUCT_NAME = "$(TARGET_NAME)";
				SWIFT_VERSION = 5.0;
				TARGETED_DEVICE_FAMILY = "1,2";
			};
			name = Debug;
		};
		C83C87B122DECAA700B2EEFE /* Release */ = {
			isa = XCBuildConfiguration;
			buildSettings = {
				ASSETCATALOG_COMPILER_APPICON_NAME = AppIcon;
				CODE_SIGN_STYLE = Automatic;
				INFOPLIST_FILE = SmartTestApp/Info.plist;
				LD_RUNPATH_SEARCH_PATHS = (
					"$(inherited)",
					"@executable_path/Frameworks",
				);
				PRODUCT_BUNDLE_IDENTIFIER = "Robert-Brais.SmartTestApp";
				PRODUCT_NAME = "$(TARGET_NAME)";
				SWIFT_VERSION = 5.0;
				TARGETED_DEVICE_FAMILY = "1,2";
			};
			name = Release;
		};
/* End XCBuildConfiguration section */

/* Begin XCConfigurationList section */
		C83C879822DECAA300B2EEFE /* Build configuration list for PBXProject "SmartTestApp" */ = {
			isa = XCConfigurationList;
			buildConfigurations = (
				C83C87AD22DECAA700B2EEFE /* Debug */,
				C83C87AE22DECAA700B2EEFE /* Release */,
			);
			defaultConfigurationIsVisible = 0;
			defaultConfigurationName = Release;
		};
		C83C87AF22DECAA700B2EEFE /* Build configuration list for PBXNativeTarget "SmartTestApp" */ = {
			isa = XCConfigurationList;
			buildConfigurations = (
				C83C87B022DECAA700B2EEFE /* Debug */,
				C83C87B122DECAA700B2EEFE /* Release */,
			);
			defaultConfigurationIsVisible = 0;
			defaultConfigurationName = Release;
		};
/* End XCConfigurationList section */
	};
	rootObject = C83C879522DECAA300B2EEFE /* Project object */;
}
